{
    "version": 3,
    "terraform_version": "0.8.2",
    "serial": 11,
    "lineage": "f3c5266b-7ac0-4a5a-bdb9-5443c60b2558",
    "modules": [
        {
            "path": [
                "root"
            ],
            "outputs": {
                "server_address": {
                    "sensitive": false,
                    "type": "string",
                    "value": "10.128.0.2"
                }
            },
            "resources": {
                "google_compute_firewall.consul_ingress": {
                    "type": "google_compute_firewall",
                    "depends_on": [],
                    "primary": {
                        "id": "consul-internal-access",
                        "attributes": {
                            "allow.#": "1",
                            "allow.1096107593.ports.#": "4",
                            "allow.1096107593.ports.0": "8300",
                            "allow.1096107593.ports.1": "8301",
                            "allow.1096107593.ports.2": "8302",
                            "allow.1096107593.ports.3": "8400",
                            "allow.1096107593.protocol": "tcp",
                            "description": "",
                            "id": "consul-internal-access",
                            "name": "consul-internal-access",
                            "network": "default",
                            "project": "soapbox-cloud",
                            "self_link": "https://www.googleapis.com/compute/v1/projects/soapbox-cloud/global/firewalls/consul-internal-access",
                            "source_ranges.#": "0",
                            "source_tags.#": "1",
                            "source_tags.3217214002": "consul",
                            "target_tags.#": "1",
                            "target_tags.3217214002": "consul"
                        },
                        "meta": {
                            "schema_version": "1"
                        },
                        "tainted": false
                    },
                    "deposed": [],
                    "provider": ""
                },
                "google_compute_firewall.nomad_ingress": {
                    "type": "google_compute_firewall",
                    "depends_on": [],
                    "primary": {
                        "id": "nomad-internal-access",
                        "attributes": {
                            "allow.#": "1",
                            "allow.1135658419.ports.#": "3",
                            "allow.1135658419.ports.0": "4646",
                            "allow.1135658419.ports.1": "4647",
                            "allow.1135658419.ports.2": "4648",
                            "allow.1135658419.protocol": "tcp",
                            "description": "",
                            "id": "nomad-internal-access",
                            "name": "nomad-internal-access",
                            "network": "default",
                            "project": "soapbox-cloud",
                            "self_link": "https://www.googleapis.com/compute/v1/projects/soapbox-cloud/global/firewalls/nomad-internal-access",
                            "source_ranges.#": "0",
                            "source_tags.#": "1",
                            "source_tags.4115889840": "nomad",
                            "target_tags.#": "1",
                            "target_tags.4115889840": "nomad"
                        },
                        "meta": {
                            "schema_version": "1"
                        },
                        "tainted": false
                    },
                    "deposed": [],
                    "provider": ""
                },
                "google_compute_instance.bedrock.0": {
                    "type": "google_compute_instance",
                    "depends_on": [],
                    "primary": {
                        "id": "bedrock-0",
                        "attributes": {
                            "can_ip_forward": "false",
                            "create_timeout": "4",
                            "disk.#": "1",
                            "disk.0.auto_delete": "true",
                            "disk.0.device_name": "",
                            "disk.0.disk": "",
                            "disk.0.image": "ubuntu-os-cloud/ubuntu-1404-trusty-v20160314",
                            "disk.0.scratch": "false",
                            "disk.0.size": "0",
                            "disk.0.type": "",
                            "id": "bedrock-0",
                            "machine_type": "f1-micro",
                            "metadata.%": "1",
                            "metadata.ssh-keys": "ubuntu:ssh-rsa AAAAB3NzaC1yc2EAAAADAQABAAABAQDQaa4LaQ/87tNiUHPxYsCU8a+1Br+327kZnrWjtss+PCRHwQmp816iWJgkgQUPI2Ezq1FLNM5WqqOts00u18aonDgSamG8NTvvLndCewA1FrVw2SQ+LXyKMfB7tkEAtUrKJlqI6GaMJ13YzVbvpBmuud1xCPpWUCV0FM1M63qbB034pJzvdTIwTIsT7Xw4KxmezuZYmgEre/cDVM5J+BiKlrQCcpZoGlWEMtj74JfxwmyhiIi85M9rAa6G2q5DryC3QXSymExqIviFimEldg0GpWkBoMyqcq16n2mLS6uKBiJ+U3d9b7W/2IgJIcbRe0/BJnM/nHd1mKOBJOQZVBWH doug@Douglass-MacBook-Pro.local\n",
                            "metadata_fingerprint": "DooVw2xLRQc=",
                            "name": "bedrock-0",
                            "network.#": "0",
                            "network_interface.#": "1",
                            "network_interface.0.access_config.#": "1",
                            "network_interface.0.access_config.0.assigned_nat_ip": "104.155.153.78",
                            "network_interface.0.access_config.0.nat_ip": "",
                            "network_interface.0.address": "10.128.0.2",
                            "network_interface.0.name": "nic0",
                            "network_interface.0.network": "default",
                            "network_interface.0.subnetwork": "",
                            "network_interface.0.subnetwork_project": "",
                            "self_link": "https://www.googleapis.com/compute/v1/projects/soapbox-cloud/zones/us-central1-f/instances/bedrock-0",
                            "service_account.#": "1",
                            "service_account.0.email": "1083494565456-compute@developer.gserviceaccount.com",
                            "service_account.0.scopes.#": "1",
                            "service_account.0.scopes.2862113455": "https://www.googleapis.com/auth/compute.readonly",
                            "tags.#": "3",
                            "tags.2747509096": "bedrock",
                            "tags.3217214002": "consul",
                            "tags.4115889840": "nomad",
                            "tags_fingerprint": "_MvQYOcqMDw=",
                            "zone": "us-central1-f"
                        },
                        "meta": {
                            "schema_version": "2"
                        },
                        "tainted": true
                    },
                    "deposed": [],
                    "provider": ""
                }
            },
            "depends_on": []
        }
    ]
}
